
Microsoft Visual Studio Solution File, Format Version 12.00
# Visual Studio 15
VisualStudioVersion = 15.0.27703.2047
MinimumVisualStudioVersion = 10.0.40219.1
Project("{FAE04EC0-301F-11D3-BF4B-00C04F79EFBC}") = "FilesWatcher", "FilesWatcher\FilesWatcher.csproj", "{529B39E6-13EE-4B8B-8DA6-053F6D8A3842}"
EndProject
Global
	GlobalSection(SolutionConfigurationPlatforms) = preSolution
		Debug|Any CPU = Debug|Any CPU
		Debug|x64 = Debug|x64
		Debug|x86 = Debug|x86
		Release|Any CPU = Release|Any CPU
		Release|x64 = Release|x64
		Release|x86 = Release|x86
	EndGlobalSection
	GlobalSection(ProjectConfigurationPlatforms) = postSolution
		{529B39E6-13EE-4B8B-8DA6-053F6D8A3842}.Debug|Any CPU.ActiveCfg = Debug|Any CPU
		{529B39E6-13EE-4B8B-8DA6-053F6D8A3842}.Debug|Any CPU.Build.0 = Debug|Any CPU
		{529B39E6-13EE-4B8B-8DA6-053F6D8A3842}.Debug|x64.ActiveCfg = Debug|x64
		{529B39E6-13EE-4B8B-8DA6-053F6D8A3842}.Debug|x64.Build.0 = Debug|x64
		{529B39E6-13EE-4B8B-8DA6-053F6D8A3842}.Debug|x86.ActiveCfg = Debug|x86
		{529B39E6-13EE-4B8B-8DA6-053F6D8A3842}.Debug|x86.Build.0 = Debug|x86
		{529B39E6-13EE-4B8B-8DA6-053F6D8A3842}.Release|Any CPU.ActiveCfg = Release|Any CPU
		{529B39E6-13EE-4B8B-8DA6-053F6D8A3842}.Release|Any CPU.Build.0 = Release|Any CPU
		{529B39E6-13EE-4B8B-8DA6-053F6D8A3842}.Release|x64.ActiveCfg = Release|x64
		{529B39E6-13EE-4B8B-8DA6-053F6D8A3842}.Release|x64.Build.0 = Release|x64
		{529B39E6-13EE-4B8B-8DA6-053F6D8A3842}.Release|x86.ActiveCfg = Release|x86
		{529B39E6-13EE-4B8B-8DA6-053F6D8A3842}.Release|x86.Build.0 = Release|x86
	EndGlobalSection
	GlobalSection(SolutionProperties) = preSolution
		HideSolutionNode = FALSE
	EndGlobalSection
	GlobalSection(ExtensibilityGlobals) = postSolution
		SolutionGuid = {9B1FFBA8-FDF2-46FB-85C9-66E9964F9EF0}
	EndGlobalSection
EndGlobal
